
Microsoft Visual Studio Solution File, Format Version 12.00
# Visual Studio 15
VisualStudioVersion = 15.0.28010.2046
MinimumVisualStudioVersion = 10.0.40219.1
Project("{FAE04EC0-301F-11D3-BF4B-00C04F79EFBC}") = "EBookWebApp", "EBookWebApp\EBookWebApp.csproj", "{38DEAA5F-D725-4DED-9561-0394DA3B30FE}"
EndProject
Global
	GlobalSection(SolutionConfigurationPlatforms) = preSolution
		Debug|Any CPU = Debug|Any CPU
		Release|Any CPU = Release|Any CPU
	EndGlobalSection
	GlobalSection(ProjectConfigurationPlatforms) = postSolution
		{38DEAA5F-D725-4DED-9561-0394DA3B30FE}.Debug|Any CPU.ActiveCfg = Debug|Any CPU
		{38DEAA5F-D725-4DED-9561-0394DA3B30FE}.Debug|Any CPU.Build.0 = Debug|Any CPU
		{38DEAA5F-D725-4DED-9561-0394DA3B30FE}.Release|Any CPU.ActiveCfg = Release|Any CPU
		{38DEAA5F-D725-4DED-9561-0394DA3B30FE}.Release|Any CPU.Build.0 = Release|Any CPU
	EndGlobalSection
	GlobalSection(SolutionProperties) = preSolution
		HideSolutionNode = FALSE
	EndGlobalSection
	GlobalSection(ExtensibilityGlobals) = postSolution
		SolutionGuid = {EAE962D7-592F-4E98-84EE-862782AE4D71}
	EndGlobalSection
EndGlobal
